
Microsoft Visual Studio Solution File, Format Version 12.00
# Visual Studio Version 17
VisualStudioVersion = 17.10.35122.118
MinimumVisualStudioVersion = 10.0.40219.1
Project("{8BC9CEB8-8B4A-11D0-8D11-00A0C91BC942}") = "mlogic-tools", "mlogic-tools\mlogic-tools.vcxproj", "{F369B8F0-ECAB-4980-BE25-C8A0B894112B}"
EndProject
Project("{8BC9CEB8-8B4A-11D0-8D11-00A0C91BC942}") = "mlogic-tests", "mlogic-tests\mlogic-tests.vcxproj", "{859CDFC7-D3F9-4EF4-8914-5D282150AF19}"
EndProject
Global
	GlobalSection(SolutionConfigurationPlatforms) = preSolution
		Debug|x64 = Debug|x64
		Debug|x86 = Debug|x86
		Release|x64 = Release|x64
		Release|x86 = Release|x86
	EndGlobalSection
	GlobalSection(ProjectConfigurationPlatforms) = postSolution
		{F369B8F0-ECAB-4980-BE25-C8A0B894112B}.Debug|x64.ActiveCfg = Debug|x64
		{F369B8F0-ECAB-4980-BE25-C8A0B894112B}.Debug|x64.Build.0 = Debug|x64
		{F369B8F0-ECAB-4980-BE25-C8A0B894112B}.Debug|x86.ActiveCfg = Debug|Win32
		{F369B8F0-ECAB-4980-BE25-C8A0B894112B}.Debug|x86.Build.0 = Debug|Win32
		{F369B8F0-ECAB-4980-BE25-C8A0B894112B}.Release|x64.ActiveCfg = Release|x64
		{F369B8F0-ECAB-4980-BE25-C8A0B894112B}.Release|x64.Build.0 = Release|x64
		{F369B8F0-ECAB-4980-BE25-C8A0B894112B}.Release|x86.ActiveCfg = Release|Win32
		{F369B8F0-ECAB-4980-BE25-C8A0B894112B}.Release|x86.Build.0 = Release|Win32
		{859CDFC7-D3F9-4EF4-8914-5D282150AF19}.Debug|x64.ActiveCfg = Debug|x64
		{859CDFC7-D3F9-4EF4-8914-5D282150AF19}.Debug|x64.Build.0 = Debug|x64
		{859CDFC7-D3F9-4EF4-8914-5D282150AF19}.Debug|x86.ActiveCfg = Debug|Win32
		{859CDFC7-D3F9-4EF4-8914-5D282150AF19}.Debug|x86.Build.0 = Debug|Win32
		{859CDFC7-D3F9-4EF4-8914-5D282150AF19}.Release|x64.ActiveCfg = Release|x64
		{859CDFC7-D3F9-4EF4-8914-5D282150AF19}.Release|x64.Build.0 = Release|x64
		{859CDFC7-D3F9-4EF4-8914-5D282150AF19}.Release|x86.ActiveCfg = Release|Win32
		{859CDFC7-D3F9-4EF4-8914-5D282150AF19}.Release|x86.Build.0 = Release|Win32
	EndGlobalSection
	GlobalSection(SolutionProperties) = preSolution
		HideSolutionNode = FALSE
	EndGlobalSection
	GlobalSection(ExtensibilityGlobals) = postSolution
		SolutionGuid = {9918673E-F3EF-4427-84A2-4C6448252C0D}
	EndGlobalSection
EndGlobal
